
Microsoft Visual Studio Solution File, Format Version 12.00
# Visual Studio Version 17
VisualStudioVersion = 17.5.33424.131
MinimumVisualStudioVersion = 10.0.40219.1
Project("{2150E333-8FDC-42A3-9474-1A3956D46DE8}") = "Layouts", "Layouts", "{9F3134A4-EA2C-4576-9405-A0438DC0C682}"
EndProject
Project("{9A19103F-16F7-4668-BE54-9A1E7A4F7556}") = "CanvasDemo", "Layouts\CanvasDemo\CanvasDemo.csproj", "{BC927A83-48F3-477E-9F33-CCCA733AA492}"
EndProject
Project("{9A19103F-16F7-4668-BE54-9A1E7A4F7556}") = "DockPanelDemo", "Layouts\DockPanelDemo\DockPanelDemo.csproj", "{EB6CA098-1457-462C-954E-C43ADECEBC9C}"
EndProject
Project("{9A19103F-16F7-4668-BE54-9A1E7A4F7556}") = "DockStackPanelCompare", "Layouts\DockStackPanelCompare\DockStackPanelCompare.csproj", "{49F9F166-0418-41A3-AC16-FF20F0B014F5}"
EndProject
Project("{9A19103F-16F7-4668-BE54-9A1E7A4F7556}") = "GridDemo", "Layouts\GridDemo\GridDemo.csproj", "{1F1599DA-2C6A-42ED-A1EA-F9FC90E0AAB8}"
EndProject
Project("{9A19103F-16F7-4668-BE54-9A1E7A4F7556}") = "MultiPageDemo", "Layouts\MultiPageDemo\MultiPageDemo.csproj", "{D5C8F9E3-EFCB-4AF2-B984-BDCA9EC3C332}"
EndProject
Project("{9A19103F-16F7-4668-BE54-9A1E7A4F7556}") = "StackPanelDemo", "Layouts\StackPanelDemo\StackPanelDemo.csproj", "{C8126249-48DF-423E-B0FC-C8A0D2947C9E}"
EndProject
Project("{9A19103F-16F7-4668-BE54-9A1E7A4F7556}") = "VirtualizingStackPanelDemo", "Layouts\VirtualizingStackPanelDemo\VirtualizingStackPanelDemo.csproj", "{D30AD6F6-F7B2-4072-A5FA-70BEA4DD005F}"
EndProject
Project("{2150E333-8FDC-42A3-9474-1A3956D46DE8}") = "ApplicationManagement", "ApplicationManagement", "{88DD24FC-A48B-48B7-B8F1-543658421237}"
EndProject
Project("{9A19103F-16F7-4668-BE54-9A1E7A4F7556}") = "Windows", "ApplicationManagement\Windows\Windows.csproj", "{222DB3E9-BABB-4025-B45C-60B548B3C17F}"
EndProject
Project("{2150E333-8FDC-42A3-9474-1A3956D46DE8}") = "DataBinding", "DataBinding", "{E7C341E5-7A10-4188-84B8-99903F78FC24}"
	ProjectSection(SolutionItems) = preProject
		DataBinding\README.md = DataBinding\README.md
	EndProjectSection
EndProject
Project("{9A19103F-16F7-4668-BE54-9A1E7A4F7556}") = "ValueConverterFormatStrings", "DataBinding\ValueConverter\ValueConverterFormatStrings.csproj", "{837FE92E-2AD9-45FD-8092-604E053DDEC5}"
EndProject
Project("{2150E333-8FDC-42A3-9474-1A3956D46DE8}") = "Documents", "Documents", "{AACC83A8-56FC-4359-8A80-49FC5E54888E}"
EndProject
Project("{9A19103F-16F7-4668-BE54-9A1E7A4F7556}") = "PrintDocument", "Documents\PrintDocument\PrintDocument.csproj", "{A43269CC-836F-4E23-9FA2-CBFB5DAC3576}"
EndProject
Project("{2150E333-8FDC-42A3-9474-1A3956D46DE8}") = "StylesAndTemplates", "StylesAndTemplates", "{5526AB18-6A7F-4144-AEBD-CD6FD0C65183}"
EndProject
Project("{9A19103F-16F7-4668-BE54-9A1E7A4F7556}") = "IntroToStylingAndTemplating", "StylesAndTemplates\IntroToStylingAndTemplating\IntroToStylingAndTemplating.csproj", "{3D8DA9F9-8D37-40FD-8749-A566AE2B282C}"
EndProject
Project("{9A19103F-16F7-4668-BE54-9A1E7A4F7556}") = "PropertyChangeNotification", "DataBinding\PropertyChangeNotification\PropertyChangeNotification.csproj", "{E9F81DED-82AF-49EF-9AD5-9BF4A854EBA7}"
EndProject
Project("{9A19103F-16F7-4668-BE54-9A1E7A4F7556}") = "PropertyChange", "DataBinding\PropertyChange\PropertyChange.csproj", "{BED03E45-34E6-4F86-B081-B3AA5BEAEDB7}"
EndProject
Project("{9A19103F-16F7-4668-BE54-9A1E7A4F7556}") = "SimpleBinding", "DataBinding\SimpleBinding\SimpleBinding.csproj", "{3F30F4F1-7A4A-4A04-9537-7FD195D7AFE5}"
EndProject
Project("{9A19103F-16F7-4668-BE54-9A1E7A4F7556}") = "BindingDPToDP", "DataBinding\BindingDPToDP\BindingDPToDP.csproj", "{06E667F0-070D-4599-82DC-5E2DBE1B75D9}"
EndProject
Project("{9A19103F-16F7-4668-BE54-9A1E7A4F7556}") = "DirectionalBinding", "DataBinding\DirectionalBinding\DirectionalBinding.csproj", "{15CA47BC-5B7D-47C3-95FA-CC0466D22555}"
EndProject
Project("{9A19103F-16F7-4668-BE54-9A1E7A4F7556}") = "DataBindingToStringFomat", "DataBinding\DataBindingToStringFomat\DataBindingToStringFomat.csproj", "{A75A1404-59CF-4807-8B23-BCBB1D6C1A7A}"
EndProject
Project("{9A19103F-16F7-4668-BE54-9A1E7A4F7556}") = "MultiBinding", "DataBinding\MultiBinding\MultiBinding.csproj", "{BD55B7E4-9D2E-4EB7-BD9D-F9B89D877AA8}"
EndProject
Project("{9A19103F-16F7-4668-BE54-9A1E7A4F7556}") = "PriorityBinding", "DataBinding\PriorityBinding\PriorityBinding.csproj", "{1D630FCF-680A-485C-A702-02F0315C756F}"
EndProject
Project("{9A19103F-16F7-4668-BE54-9A1E7A4F7556}") = "XmlDataSource", "DataBinding\XmlDataSource\XmlDataSource.csproj", "{45D67C6B-8B4D-47A0-8693-F95DF4CE384F}"
EndProject
Project("{9A19103F-16F7-4668-BE54-9A1E7A4F7556}") = "CodeOnlyBinding", "DataBinding\CodeOnlyBinding\CodeOnlyBinding.csproj", "{0272EBF3-AFB3-466D-950E-33DC0A76EC75}"
EndProject
Project("{9A19103F-16F7-4668-BE54-9A1E7A4F7556}") = "CollectionBinding", "DataBinding\CollectionBinding\CollectionBinding.csproj", "{50C1F1A7-D0B5-4B55-8413-D20F9A27A1DA}"
EndProject
Project("{9A19103F-16F7-4668-BE54-9A1E7A4F7556}") = "CompositeCollections", "DataBinding\CompositeCollections\CompositeCollections.csproj", "{1AAD08B6-3CE0-48DC-AD48-247B21421DF0}"
EndProject
Project("{9A19103F-16F7-4668-BE54-9A1E7A4F7556}") = "CollectionViewSource", "DataBinding\CollectionViewSource\CollectionViewSource.csproj", "{20741A10-A83E-4F7A-B5B2-04E0049C7AA0}"
EndProject
Project("{9A19103F-16F7-4668-BE54-9A1E7A4F7556}") = "EditingCollections", "DataBinding\EditingCollections\EditingCollections.csproj", "{008EBB75-E978-4217-ADF2-91371FA68800}"
EndProject
Project("{9A19103F-16F7-4668-BE54-9A1E7A4F7556}") = "Grouping", "DataBinding\Grouping\Grouping.csproj", "{3987B93B-7AC3-41AF-9360-8E42AB710B3D}"
EndProject
Project("{9A19103F-16F7-4668-BE54-9A1E7A4F7556}") = "Linq", "DataBinding\Linq\Linq.csproj", "{BE2B7E64-3CB9-429E-912B-282D15BDD975}"
EndProject
Project("{9A19103F-16F7-4668-BE54-9A1E7A4F7556}") = "BindingToMethod", "DataBinding\BindingToMethod\BindingToMethod.csproj", "{5F60B2F6-732F-4C39-BD14-3027600F160D}"
EndProject
Project("{9A19103F-16F7-4668-BE54-9A1E7A4F7556}") = "SortFilter", "DataBinding\SortFilter\SortFilter.csproj", "{7188E05A-1490-4055-87AE-E1A7BE98F50F}"
EndProject
Project("{9A19103F-16F7-4668-BE54-9A1E7A4F7556}") = "MasterDetail", "DataBinding\MasterDetail\MasterDetail.csproj", "{1CF5BAEB-0CE4-4BF2-9C67-72F7BADA6452}"
EndProject
Project("{9A19103F-16F7-4668-BE54-9A1E7A4F7556}") = "MasterDetailXml", "DataBinding\MasterDetailXml\MasterDetailXml.csproj", "{9D0351C0-A75E-4450-B221-CBFC6F4CC2F9}"
EndProject
Project("{9A19103F-16F7-4668-BE54-9A1E7A4F7556}") = "UpdateSource", "DataBinding\UpdateSource\UpdateSource.csproj", "{D47292F4-542C-498D-8386-ECA4D74E306D}"
EndProject
Project("{9A19103F-16F7-4668-BE54-9A1E7A4F7556}") = "DataTemplatingIntro", "DataBinding\DataTemplatingIntro\DataTemplatingIntro.csproj", "{8E245BE0-B916-4607-9700-73BA4E810B43}"
EndProject
Project("{9A19103F-16F7-4668-BE54-9A1E7A4F7556}") = "HierarchicalDataTemplate", "DataBinding\HierarchicalDataTemplate\HierarchicalDataTemplate.csproj", "{F03D5597-408C-4E86-A5F3-A9941003B55D}"
EndProject
Project("{9A19103F-16F7-4668-BE54-9A1E7A4F7556}") = "BindValidation", "DataBinding\BindValidation\BindValidation.csproj", "{1C69936B-365B-4B4F-ACF0-D44499BF2954}"
EndProject
Project("{9A19103F-16F7-4668-BE54-9A1E7A4F7556}") = "BusinessLayerValidation", "DataBinding\BusinessLayerValidation\BusinessLayerValidation.csproj", "{B98FE955-0BEE-4504-A16C-75113B8E7D37}"
EndProject
Project("{9A19103F-16F7-4668-BE54-9A1E7A4F7556}") = "ValidateItemSample", "DataBinding\ValidateItemSample\ValidateItemSample.csproj", "{1305F350-2413-46D8-9783-B1DC3EED81CC}"
EndProject
Project("{2150E333-8FDC-42A3-9474-1A3956D46DE8}") = "Effects", "Effects", "{BF93954D-A759-4B1F-BA5E-1E78C90D5C3E}"
EndProject
Project("{9A19103F-16F7-4668-BE54-9A1E7A4F7556}") = "ShadowEffect", "ShadowEffect\ShadowEffect.csproj", "{17229A46-4ACF-4BA6-978D-5BA8200BA3A0}"
EndProject
Project("{FAE04EC0-301F-11D3-BF4B-00C04F79EFBC}") = "LightButtonDemo", "LightButtonDemo\LightButtonDemo.csproj", "{49C95E14-3A77-4259-BAAF-D34F135C1AEE}"
EndProject
Global
	GlobalSection(SolutionConfigurationPlatforms) = preSolution
		Debug|Any CPU = Debug|Any CPU
		Release|Any CPU = Release|Any CPU
	EndGlobalSection
	GlobalSection(ProjectConfigurationPlatforms) = postSolution
		{BC927A83-48F3-477E-9F33-CCCA733AA492}.Debug|Any CPU.ActiveCfg = Debug|Any CPU
		{BC927A83-48F3-477E-9F33-CCCA733AA492}.Debug|Any CPU.Build.0 = Debug|Any CPU
		{BC927A83-48F3-477E-9F33-CCCA733AA492}.Release|Any CPU.ActiveCfg = Release|Any CPU
		{BC927A83-48F3-477E-9F33-CCCA733AA492}.Release|Any CPU.Build.0 = Release|Any CPU
		{EB6CA098-1457-462C-954E-C43ADECEBC9C}.Debug|Any CPU.ActiveCfg = Debug|Any CPU
		{EB6CA098-1457-462C-954E-C43ADECEBC9C}.Debug|Any CPU.Build.0 = Debug|Any CPU
		{EB6CA098-1457-462C-954E-C43ADECEBC9C}.Release|Any CPU.ActiveCfg = Release|Any CPU
		{EB6CA098-1457-462C-954E-C43ADECEBC9C}.Release|Any CPU.Build.0 = Release|Any CPU
		{49F9F166-0418-41A3-AC16-FF20F0B014F5}.Debug|Any CPU.ActiveCfg = Debug|Any CPU
		{49F9F166-0418-41A3-AC16-FF20F0B014F5}.Debug|Any CPU.Build.0 = Debug|Any CPU
		{49F9F166-0418-41A3-AC16-FF20F0B014F5}.Release|Any CPU.ActiveCfg = Release|Any CPU
		{49F9F166-0418-41A3-AC16-FF20F0B014F5}.Release|Any CPU.Build.0 = Release|Any CPU
		{1F1599DA-2C6A-42ED-A1EA-F9FC90E0AAB8}.Debug|Any CPU.ActiveCfg = Debug|Any CPU
		{1F1599DA-2C6A-42ED-A1EA-F9FC90E0AAB8}.Debug|Any CPU.Build.0 = Debug|Any CPU
		{1F1599DA-2C6A-42ED-A1EA-F9FC90E0AAB8}.Release|Any CPU.ActiveCfg = Release|Any CPU
		{1F1599DA-2C6A-42ED-A1EA-F9FC90E0AAB8}.Release|Any CPU.Build.0 = Release|Any CPU
		{D5C8F9E3-EFCB-4AF2-B984-BDCA9EC3C332}.Debug|Any CPU.ActiveCfg = Debug|Any CPU
		{D5C8F9E3-EFCB-4AF2-B984-BDCA9EC3C332}.Debug|Any CPU.Build.0 = Debug|Any CPU
		{D5C8F9E3-EFCB-4AF2-B984-BDCA9EC3C332}.Release|Any CPU.ActiveCfg = Release|Any CPU
		{D5C8F9E3-EFCB-4AF2-B984-BDCA9EC3C332}.Release|Any CPU.Build.0 = Release|Any CPU
		{C8126249-48DF-423E-B0FC-C8A0D2947C9E}.Debug|Any CPU.ActiveCfg = Debug|Any CPU
		{C8126249-48DF-423E-B0FC-C8A0D2947C9E}.Debug|Any CPU.Build.0 = Debug|Any CPU
		{C8126249-48DF-423E-B0FC-C8A0D2947C9E}.Release|Any CPU.ActiveCfg = Release|Any CPU
		{C8126249-48DF-423E-B0FC-C8A0D2947C9E}.Release|Any CPU.Build.0 = Release|Any CPU
		{D30AD6F6-F7B2-4072-A5FA-70BEA4DD005F}.Debug|Any CPU.ActiveCfg = Debug|Any CPU
		{D30AD6F6-F7B2-4072-A5FA-70BEA4DD005F}.Debug|Any CPU.Build.0 = Debug|Any CPU
		{D30AD6F6-F7B2-4072-A5FA-70BEA4DD005F}.Release|Any CPU.ActiveCfg = Release|Any CPU
		{D30AD6F6-F7B2-4072-A5FA-70BEA4DD005F}.Release|Any CPU.Build.0 = Release|Any CPU
		{222DB3E9-BABB-4025-B45C-60B548B3C17F}.Debug|Any CPU.ActiveCfg = Debug|Any CPU
		{222DB3E9-BABB-4025-B45C-60B548B3C17F}.Debug|Any CPU.Build.0 = Debug|Any CPU
		{222DB3E9-BABB-4025-B45C-60B548B3C17F}.Release|Any CPU.ActiveCfg = Release|Any CPU
		{222DB3E9-BABB-4025-B45C-60B548B3C17F}.Release|Any CPU.Build.0 = Release|Any CPU
		{837FE92E-2AD9-45FD-8092-604E053DDEC5}.Debug|Any CPU.ActiveCfg = Debug|Any CPU
		{837FE92E-2AD9-45FD-8092-604E053DDEC5}.Debug|Any CPU.Build.0 = Debug|Any CPU
		{837FE92E-2AD9-45FD-8092-604E053DDEC5}.Release|Any CPU.ActiveCfg = Release|Any CPU
		{837FE92E-2AD9-45FD-8092-604E053DDEC5}.Release|Any CPU.Build.0 = Release|Any CPU
		{A43269CC-836F-4E23-9FA2-CBFB5DAC3576}.Debug|Any CPU.ActiveCfg = Debug|Any CPU
		{A43269CC-836F-4E23-9FA2-CBFB5DAC3576}.Debug|Any CPU.Build.0 = Debug|Any CPU
		{A43269CC-836F-4E23-9FA2-CBFB5DAC3576}.Release|Any CPU.ActiveCfg = Release|Any CPU
		{A43269CC-836F-4E23-9FA2-CBFB5DAC3576}.Release|Any CPU.Build.0 = Release|Any CPU
		{3D8DA9F9-8D37-40FD-8749-A566AE2B282C}.Debug|Any CPU.ActiveCfg = Debug|Any CPU
		{3D8DA9F9-8D37-40FD-8749-A566AE2B282C}.Debug|Any CPU.Build.0 = Debug|Any CPU
		{3D8DA9F9-8D37-40FD-8749-A566AE2B282C}.Release|Any CPU.ActiveCfg = Release|Any CPU
		{3D8DA9F9-8D37-40FD-8749-A566AE2B282C}.Release|Any CPU.Build.0 = Release|Any CPU
		{E9F81DED-82AF-49EF-9AD5-9BF4A854EBA7}.Debug|Any CPU.ActiveCfg = Debug|Any CPU
		{E9F81DED-82AF-49EF-9AD5-9BF4A854EBA7}.Debug|Any CPU.Build.0 = Debug|Any CPU
		{E9F81DED-82AF-49EF-9AD5-9BF4A854EBA7}.Release|Any CPU.ActiveCfg = Release|Any CPU
		{E9F81DED-82AF-49EF-9AD5-9BF4A854EBA7}.Release|Any CPU.Build.0 = Release|Any CPU
		{BED03E45-34E6-4F86-B081-B3AA5BEAEDB7}.Debug|Any CPU.ActiveCfg = Debug|Any CPU
		{BED03E45-34E6-4F86-B081-B3AA5BEAEDB7}.Debug|Any CPU.Build.0 = Debug|Any CPU
		{BED03E45-34E6-4F86-B081-B3AA5BEAEDB7}.Release|Any CPU.ActiveCfg = Release|Any CPU
		{BED03E45-34E6-4F86-B081-B3AA5BEAEDB7}.Release|Any CPU.Build.0 = Release|Any CPU
		{3F30F4F1-7A4A-4A04-9537-7FD195D7AFE5}.Debug|Any CPU.ActiveCfg = Debug|Any CPU
		{3F30F4F1-7A4A-4A04-9537-7FD195D7AFE5}.Debug|Any CPU.Build.0 = Debug|Any CPU
		{3F30F4F1-7A4A-4A04-9537-7FD195D7AFE5}.Release|Any CPU.ActiveCfg = Release|Any CPU
		{3F30F4F1-7A4A-4A04-9537-7FD195D7AFE5}.Release|Any CPU.Build.0 = Release|Any CPU
		{06E667F0-070D-4599-82DC-5E2DBE1B75D9}.Debug|Any CPU.ActiveCfg = Debug|Any CPU
		{06E667F0-070D-4599-82DC-5E2DBE1B75D9}.Debug|Any CPU.Build.0 = Debug|Any CPU
		{06E667F0-070D-4599-82DC-5E2DBE1B75D9}.Release|Any CPU.ActiveCfg = Release|Any CPU
		{06E667F0-070D-4599-82DC-5E2DBE1B75D9}.Release|Any CPU.Build.0 = Release|Any CPU
		{15CA47BC-5B7D-47C3-95FA-CC0466D22555}.Debug|Any CPU.ActiveCfg = Debug|Any CPU
		{15CA47BC-5B7D-47C3-95FA-CC0466D22555}.Debug|Any CPU.Build.0 = Debug|Any CPU
		{15CA47BC-5B7D-47C3-95FA-CC0466D22555}.Release|Any CPU.ActiveCfg = Release|Any CPU
		{15CA47BC-5B7D-47C3-95FA-CC0466D22555}.Release|Any CPU.Build.0 = Release|Any CPU
		{A75A1404-59CF-4807-8B23-BCBB1D6C1A7A}.Debug|Any CPU.ActiveCfg = Debug|Any CPU
		{A75A1404-59CF-4807-8B23-BCBB1D6C1A7A}.Debug|Any CPU.Build.0 = Debug|Any CPU
		{A75A1404-59CF-4807-8B23-BCBB1D6C1A7A}.Release|Any CPU.ActiveCfg = Release|Any CPU
		{A75A1404-59CF-4807-8B23-BCBB1D6C1A7A}.Release|Any CPU.Build.0 = Release|Any CPU
		{BD55B7E4-9D2E-4EB7-BD9D-F9B89D877AA8}.Debug|Any CPU.ActiveCfg = Debug|Any CPU
		{BD55B7E4-9D2E-4EB7-BD9D-F9B89D877AA8}.Debug|Any CPU.Build.0 = Debug|Any CPU
		{BD55B7E4-9D2E-4EB7-BD9D-F9B89D877AA8}.Release|Any CPU.ActiveCfg = Release|Any CPU
		{BD55B7E4-9D2E-4EB7-BD9D-F9B89D877AA8}.Release|Any CPU.Build.0 = Release|Any CPU
		{1D630FCF-680A-485C-A702-02F0315C756F}.Debug|Any CPU.ActiveCfg = Debug|Any CPU
		{1D630FCF-680A-485C-A702-02F0315C756F}.Debug|Any CPU.Build.0 = Debug|Any CPU
		{1D630FCF-680A-485C-A702-02F0315C756F}.Release|Any CPU.ActiveCfg = Release|Any CPU
		{1D630FCF-680A-485C-A702-02F0315C756F}.Release|Any CPU.Build.0 = Release|Any CPU
		{45D67C6B-8B4D-47A0-8693-F95DF4CE384F}.Debug|Any CPU.ActiveCfg = Debug|Any CPU
		{45D67C6B-8B4D-47A0-8693-F95DF4CE384F}.Debug|Any CPU.Build.0 = Debug|Any CPU
		{45D67C6B-8B4D-47A0-8693-F95DF4CE384F}.Release|Any CPU.ActiveCfg = Release|Any CPU
		{45D67C6B-8B4D-47A0-8693-F95DF4CE384F}.Release|Any CPU.Build.0 = Release|Any CPU
		{0272EBF3-AFB3-466D-950E-33DC0A76EC75}.Debug|Any CPU.ActiveCfg = Debug|Any CPU
		{0272EBF3-AFB3-466D-950E-33DC0A76EC75}.Debug|Any CPU.Build.0 = Debug|Any CPU
		{0272EBF3-AFB3-466D-950E-33DC0A76EC75}.Release|Any CPU.ActiveCfg = Release|Any CPU
		{0272EBF3-AFB3-466D-950E-33DC0A76EC75}.Release|Any CPU.Build.0 = Release|Any CPU
		{50C1F1A7-D0B5-4B55-8413-D20F9A27A1DA}.Debug|Any CPU.ActiveCfg = Debug|Any CPU
		{50C1F1A7-D0B5-4B55-8413-D20F9A27A1DA}.Debug|Any CPU.Build.0 = Debug|Any CPU
		{50C1F1A7-D0B5-4B55-8413-D20F9A27A1DA}.Release|Any CPU.ActiveCfg = Release|Any CPU
		{50C1F1A7-D0B5-4B55-8413-D20F9A27A1DA}.Release|Any CPU.Build.0 = Release|Any CPU
		{1AAD08B6-3CE0-48DC-AD48-247B21421DF0}.Debug|Any CPU.ActiveCfg = Debug|Any CPU
		{1AAD08B6-3CE0-48DC-AD48-247B21421DF0}.Debug|Any CPU.Build.0 = Debug|Any CPU
		{1AAD08B6-3CE0-48DC-AD48-247B21421DF0}.Release|Any CPU.ActiveCfg = Release|Any CPU
		{1AAD08B6-3CE0-48DC-AD48-247B21421DF0}.Release|Any CPU.Build.0 = Release|Any CPU
		{20741A10-A83E-4F7A-B5B2-04E0049C7AA0}.Debug|Any CPU.ActiveCfg = Debug|Any CPU
		{20741A10-A83E-4F7A-B5B2-04E0049C7AA0}.Debug|Any CPU.Build.0 = Debug|Any CPU
		{20741A10-A83E-4F7A-B5B2-04E0049C7AA0}.Release|Any CPU.ActiveCfg = Release|Any CPU
		{20741A10-A83E-4F7A-B5B2-04E0049C7AA0}.Release|Any CPU.Build.0 = Release|Any CPU
		{008EBB75-E978-4217-ADF2-91371FA68800}.Debug|Any CPU.ActiveCfg = Debug|Any CPU
		{008EBB75-E978-4217-ADF2-91371FA68800}.Debug|Any CPU.Build.0 = Debug|Any CPU
		{008EBB75-E978-4217-ADF2-91371FA68800}.Release|Any CPU.ActiveCfg = Release|Any CPU
		{008EBB75-E978-4217-ADF2-91371FA68800}.Release|Any CPU.Build.0 = Release|Any CPU
		{3987B93B-7AC3-41AF-9360-8E42AB710B3D}.Debug|Any CPU.ActiveCfg = Debug|Any CPU
		{3987B93B-7AC3-41AF-9360-8E42AB710B3D}.Debug|Any CPU.Build.0 = Debug|Any CPU
		{3987B93B-7AC3-41AF-9360-8E42AB710B3D}.Release|Any CPU.ActiveCfg = Release|Any CPU
		{3987B93B-7AC3-41AF-9360-8E42AB710B3D}.Release|Any CPU.Build.0 = Release|Any CPU
		{BE2B7E64-3CB9-429E-912B-282D15BDD975}.Debug|Any CPU.ActiveCfg = Debug|Any CPU
		{BE2B7E64-3CB9-429E-912B-282D15BDD975}.Debug|Any CPU.Build.0 = Debug|Any CPU
		{BE2B7E64-3CB9-429E-912B-282D15BDD975}.Release|Any CPU.ActiveCfg = Release|Any CPU
		{BE2B7E64-3CB9-429E-912B-282D15BDD975}.Release|Any CPU.Build.0 = Release|Any CPU
		{5F60B2F6-732F-4C39-BD14-3027600F160D}.Debug|Any CPU.ActiveCfg = Debug|Any CPU
		{5F60B2F6-732F-4C39-BD14-3027600F160D}.Debug|Any CPU.Build.0 = Debug|Any CPU
		{5F60B2F6-732F-4C39-BD14-3027600F160D}.Release|Any CPU.ActiveCfg = Release|Any CPU
		{5F60B2F6-732F-4C39-BD14-3027600F160D}.Release|Any CPU.Build.0 = Release|Any CPU
		{7188E05A-1490-4055-87AE-E1A7BE98F50F}.Debug|Any CPU.ActiveCfg = Debug|Any CPU
		{7188E05A-1490-4055-87AE-E1A7BE98F50F}.Debug|Any CPU.Build.0 = Debug|Any CPU
		{7188E05A-1490-4055-87AE-E1A7BE98F50F}.Release|Any CPU.ActiveCfg = Release|Any CPU
		{7188E05A-1490-4055-87AE-E1A7BE98F50F}.Release|Any CPU.Build.0 = Release|Any CPU
		{1CF5BAEB-0CE4-4BF2-9C67-72F7BADA6452}.Debug|Any CPU.ActiveCfg = Debug|Any CPU
		{1CF5BAEB-0CE4-4BF2-9C67-72F7BADA6452}.Debug|Any CPU.Build.0 = Debug|Any CPU
		{1CF5BAEB-0CE4-4BF2-9C67-72F7BADA6452}.Release|Any CPU.ActiveCfg = Release|Any CPU
		{1CF5BAEB-0CE4-4BF2-9C67-72F7BADA6452}.Release|Any CPU.Build.0 = Release|Any CPU
		{9D0351C0-A75E-4450-B221-CBFC6F4CC2F9}.Debug|Any CPU.ActiveCfg = Debug|Any CPU
		{9D0351C0-A75E-4450-B221-CBFC6F4CC2F9}.Debug|Any CPU.Build.0 = Debug|Any CPU
		{9D0351C0-A75E-4450-B221-CBFC6F4CC2F9}.Release|Any CPU.ActiveCfg = Release|Any CPU
		{9D0351C0-A75E-4450-B221-CBFC6F4CC2F9}.Release|Any CPU.Build.0 = Release|Any CPU
		{D47292F4-542C-498D-8386-ECA4D74E306D}.Debug|Any CPU.ActiveCfg = Debug|Any CPU
		{D47292F4-542C-498D-8386-ECA4D74E306D}.Debug|Any CPU.Build.0 = Debug|Any CPU
		{D47292F4-542C-498D-8386-ECA4D74E306D}.Release|Any CPU.ActiveCfg = Release|Any CPU
		{D47292F4-542C-498D-8386-ECA4D74E306D}.Release|Any CPU.Build.0 = Release|Any CPU
		{8E245BE0-B916-4607-9700-73BA4E810B43}.Debug|Any CPU.ActiveCfg = Debug|Any CPU
		{8E245BE0-B916-4607-9700-73BA4E810B43}.Debug|Any CPU.Build.0 = Debug|Any CPU
		{8E245BE0-B916-4607-9700-73BA4E810B43}.Release|Any CPU.ActiveCfg = Release|Any CPU
		{8E245BE0-B916-4607-9700-73BA4E810B43}.Release|Any CPU.Build.0 = Release|Any CPU
		{F03D5597-408C-4E86-A5F3-A9941003B55D}.Debug|Any CPU.ActiveCfg = Debug|Any CPU
		{F03D5597-408C-4E86-A5F3-A9941003B55D}.Debug|Any CPU.Build.0 = Debug|Any CPU
		{F03D5597-408C-4E86-A5F3-A9941003B55D}.Release|Any CPU.ActiveCfg = Release|Any CPU
		{F03D5597-408C-4E86-A5F3-A9941003B55D}.Release|Any CPU.Build.0 = Release|Any CPU
		{1C69936B-365B-4B4F-ACF0-D44499BF2954}.Debug|Any CPU.ActiveCfg = Debug|Any CPU
		{1C69936B-365B-4B4F-ACF0-D44499BF2954}.Debug|Any CPU.Build.0 = Debug|Any CPU
		{1C69936B-365B-4B4F-ACF0-D44499BF2954}.Release|Any CPU.ActiveCfg = Release|Any CPU
		{1C69936B-365B-4B4F-ACF0-D44499BF2954}.Release|Any CPU.Build.0 = Release|Any CPU
		{B98FE955-0BEE-4504-A16C-75113B8E7D37}.Debug|Any CPU.ActiveCfg = Debug|Any CPU
		{B98FE955-0BEE-4504-A16C-75113B8E7D37}.Debug|Any CPU.Build.0 = Debug|Any CPU
		{B98FE955-0BEE-4504-A16C-75113B8E7D37}.Release|Any CPU.ActiveCfg = Release|Any CPU
		{B98FE955-0BEE-4504-A16C-75113B8E7D37}.Release|Any CPU.Build.0 = Release|Any CPU
		{1305F350-2413-46D8-9783-B1DC3EED81CC}.Debug|Any CPU.ActiveCfg = Debug|Any CPU
		{1305F350-2413-46D8-9783-B1DC3EED81CC}.Debug|Any CPU.Build.0 = Debug|Any CPU
		{1305F350-2413-46D8-9783-B1DC3EED81CC}.Release|Any CPU.ActiveCfg = Release|Any CPU
		{1305F350-2413-46D8-9783-B1DC3EED81CC}.Release|Any CPU.Build.0 = Release|Any CPU
		{17229A46-4ACF-4BA6-978D-5BA8200BA3A0}.Debug|Any CPU.ActiveCfg = Debug|Any CPU
		{17229A46-4ACF-4BA6-978D-5BA8200BA3A0}.Debug|Any CPU.Build.0 = Debug|Any CPU
		{17229A46-4ACF-4BA6-978D-5BA8200BA3A0}.Release|Any CPU.ActiveCfg = Release|Any CPU
		{17229A46-4ACF-4BA6-978D-5BA8200BA3A0}.Release|Any CPU.Build.0 = Release|Any CPU
		{49C95E14-3A77-4259-BAAF-D34F135C1AEE}.Debug|Any CPU.ActiveCfg = Debug|Any CPU
		{49C95E14-3A77-4259-BAAF-D34F135C1AEE}.Debug|Any CPU.Build.0 = Debug|Any CPU
		{49C95E14-3A77-4259-BAAF-D34F135C1AEE}.Release|Any CPU.ActiveCfg = Release|Any CPU
		{49C95E14-3A77-4259-BAAF-D34F135C1AEE}.Release|Any CPU.Build.0 = Release|Any CPU
	EndGlobalSection
	GlobalSection(SolutionProperties) = preSolution
		HideSolutionNode = FALSE
	EndGlobalSection
	GlobalSection(NestedProjects) = preSolution
		{BC927A83-48F3-477E-9F33-CCCA733AA492} = {9F3134A4-EA2C-4576-9405-A0438DC0C682}
		{EB6CA098-1457-462C-954E-C43ADECEBC9C} = {9F3134A4-EA2C-4576-9405-A0438DC0C682}
		{49F9F166-0418-41A3-AC16-FF20F0B014F5} = {9F3134A4-EA2C-4576-9405-A0438DC0C682}
		{1F1599DA-2C6A-42ED-A1EA-F9FC90E0AAB8} = {9F3134A4-EA2C-4576-9405-A0438DC0C682}
		{D5C8F9E3-EFCB-4AF2-B984-BDCA9EC3C332} = {9F3134A4-EA2C-4576-9405-A0438DC0C682}
		{C8126249-48DF-423E-B0FC-C8A0D2947C9E} = {9F3134A4-EA2C-4576-9405-A0438DC0C682}
		{D30AD6F6-F7B2-4072-A5FA-70BEA4DD005F} = {9F3134A4-EA2C-4576-9405-A0438DC0C682}
		{222DB3E9-BABB-4025-B45C-60B548B3C17F} = {88DD24FC-A48B-48B7-B8F1-543658421237}
		{837FE92E-2AD9-45FD-8092-604E053DDEC5} = {E7C341E5-7A10-4188-84B8-99903F78FC24}
		{A43269CC-836F-4E23-9FA2-CBFB5DAC3576} = {AACC83A8-56FC-4359-8A80-49FC5E54888E}
		{3D8DA9F9-8D37-40FD-8749-A566AE2B282C} = {5526AB18-6A7F-4144-AEBD-CD6FD0C65183}
		{E9F81DED-82AF-49EF-9AD5-9BF4A854EBA7} = {E7C341E5-7A10-4188-84B8-99903F78FC24}
		{BED03E45-34E6-4F86-B081-B3AA5BEAEDB7} = {E7C341E5-7A10-4188-84B8-99903F78FC24}
		{3F30F4F1-7A4A-4A04-9537-7FD195D7AFE5} = {E7C341E5-7A10-4188-84B8-99903F78FC24}
		{06E667F0-070D-4599-82DC-5E2DBE1B75D9} = {E7C341E5-7A10-4188-84B8-99903F78FC24}
		{15CA47BC-5B7D-47C3-95FA-CC0466D22555} = {E7C341E5-7A10-4188-84B8-99903F78FC24}
		{A75A1404-59CF-4807-8B23-BCBB1D6C1A7A} = {E7C341E5-7A10-4188-84B8-99903F78FC24}
		{BD55B7E4-9D2E-4EB7-BD9D-F9B89D877AA8} = {E7C341E5-7A10-4188-84B8-99903F78FC24}
		{1D630FCF-680A-485C-A702-02F0315C756F} = {E7C341E5-7A10-4188-84B8-99903F78FC24}
		{45D67C6B-8B4D-47A0-8693-F95DF4CE384F} = {E7C341E5-7A10-4188-84B8-99903F78FC24}
		{0272EBF3-AFB3-466D-950E-33DC0A76EC75} = {E7C341E5-7A10-4188-84B8-99903F78FC24}
		{50C1F1A7-D0B5-4B55-8413-D20F9A27A1DA} = {E7C341E5-7A10-4188-84B8-99903F78FC24}
		{1AAD08B6-3CE0-48DC-AD48-247B21421DF0} = {E7C341E5-7A10-4188-84B8-99903F78FC24}
		{20741A10-A83E-4F7A-B5B2-04E0049C7AA0} = {E7C341E5-7A10-4188-84B8-99903F78FC24}
		{008EBB75-E978-4217-ADF2-91371FA68800} = {E7C341E5-7A10-4188-84B8-99903F78FC24}
		{3987B93B-7AC3-41AF-9360-8E42AB710B3D} = {E7C341E5-7A10-4188-84B8-99903F78FC24}
		{BE2B7E64-3CB9-429E-912B-282D15BDD975} = {E7C341E5-7A10-4188-84B8-99903F78FC24}
		{5F60B2F6-732F-4C39-BD14-3027600F160D} = {E7C341E5-7A10-4188-84B8-99903F78FC24}
		{7188E05A-1490-4055-87AE-E1A7BE98F50F} = {E7C341E5-7A10-4188-84B8-99903F78FC24}
		{1CF5BAEB-0CE4-4BF2-9C67-72F7BADA6452} = {E7C341E5-7A10-4188-84B8-99903F78FC24}
		{9D0351C0-A75E-4450-B221-CBFC6F4CC2F9} = {E7C341E5-7A10-4188-84B8-99903F78FC24}
		{D47292F4-542C-498D-8386-ECA4D74E306D} = {E7C341E5-7A10-4188-84B8-99903F78FC24}
		{8E245BE0-B916-4607-9700-73BA4E810B43} = {E7C341E5-7A10-4188-84B8-99903F78FC24}
		{F03D5597-408C-4E86-A5F3-A9941003B55D} = {E7C341E5-7A10-4188-84B8-99903F78FC24}
		{1C69936B-365B-4B4F-ACF0-D44499BF2954} = {E7C341E5-7A10-4188-84B8-99903F78FC24}
		{B98FE955-0BEE-4504-A16C-75113B8E7D37} = {E7C341E5-7A10-4188-84B8-99903F78FC24}
		{1305F350-2413-46D8-9783-B1DC3EED81CC} = {E7C341E5-7A10-4188-84B8-99903F78FC24}
		{17229A46-4ACF-4BA6-978D-5BA8200BA3A0} = {BF93954D-A759-4B1F-BA5E-1E78C90D5C3E}
	EndGlobalSection
	GlobalSection(ExtensibilityGlobals) = postSolution
		SolutionGuid = {FEDBF067-13E5-41C9-B41C-187DD8CB68B3}
	EndGlobalSection
EndGlobal
